// !$*UTF8*$!
{
	archiveVersion = 1;
	classes = {
	};
	objectVersion = 46;
	objects = {

/* Begin PBXBuildFile section */
		0888EDD7BEE04931AE204C26 /* CDVReachability.m in Sources */ = {isa = PBXBuildFile; fileRef = F9C9AC80DA464883B383BB0C /* CDVReachability.m */; };
		10E7D0062DE0473A85C750ED /* CDVContact.m in Sources */ = {isa = PBXBuildFile; fileRef = 3DF30A6B70A242E79AC9BDF4 /* CDVContact.m */; };
		1552A376B94C4E0890100A18 /* SystemConfiguration.framework in Frameworks */ = {isa = PBXBuildFile; fileRef = B796318A361545FD8E0EC55C /* SystemConfiguration.framework */; settings = {ATTRIBUTES = (Weak, ); }; };
		1D60589B0D05DD56006BFB54 /* main.m in Sources */ = {isa = PBXBuildFile; fileRef = 29B97316FDCFA39411CA2CEA /* main.m */; };
		26C8EF23B284492E8BC1643B /* CDVLogger.m in Sources */ = {isa = PBXBuildFile; fileRef = 62E64CDC7D814A4B9D0143B4 /* CDVLogger.m */; };
		288765FD0DF74451002DB57D /* CoreGraphics.framework in Frameworks */ = {isa = PBXBuildFile; fileRef = 288765FC0DF74451002DB57D /* CoreGraphics.framework */; };
		28E4EEACE84E4E2E8136791C /* CDVCompass.m in Sources */ = {isa = PBXBuildFile; fileRef = C38E0ABED1C84BA996BAEFE5 /* CDVCompass.m */; };
		301BF552109A68D80062928A /* libCordova.a in Frameworks */ = {isa = PBXBuildFile; fileRef = 301BF535109A57CC0062928A /* libCordova.a */; };
		302D95F114D2391D003F00A1 /* MainViewController.m in Sources */ = {isa = PBXBuildFile; fileRef = 302D95EF14D2391D003F00A1 /* MainViewController.m */; };
		302D95F214D2391D003F00A1 /* MainViewController.xib in Resources */ = {isa = PBXBuildFile; fileRef = 302D95F014D2391D003F00A1 /* MainViewController.xib */; };
		305D5FD1115AB8F900A74A75 /* MobileCoreServices.framework in Frameworks */ = {isa = PBXBuildFile; fileRef = 305D5FD0115AB8F900A74A75 /* MobileCoreServices.framework */; };
		4C5D34458A0B4BC8B141DFB6 /* ImageIO.framework in Frameworks */ = {isa = PBXBuildFile; fileRef = A10DCD3EBC564AE795821253 /* ImageIO.framework */; settings = {ATTRIBUTES = (Weak, ); }; };
		4FD319B1724B477A891ADEB6 /* CDVLocalFilesystem.m in Sources */ = {isa = PBXBuildFile; fileRef = 09B84BEF04C64C30BD167536 /* CDVLocalFilesystem.m */; };
		55727423458D4B63B4C8F240 /* CoreMotion.framework in Frameworks */ = {isa = PBXBuildFile; fileRef = 5B45CAD7659C4E8BB52DDC8F /* CoreMotion.framework */; };
		58036FEABFDF4BC4BBF22898 /* CDVSplashScreen.m in Sources */ = {isa = PBXBuildFile; fileRef = BDE2F4116C3B402B8A17EEE7 /* CDVSplashScreen.m */; };
		592B9BA50E0C4AC5BFE67B66 /* CDVAssetLibraryFilesystem.m in Sources */ = {isa = PBXBuildFile; fileRef = 039C63FC9126497F880BF534 /* CDVAssetLibraryFilesystem.m */; };
		5B1594DD16A7569C00FEF299 /* AssetsLibrary.framework in Frameworks */ = {isa = PBXBuildFile; fileRef = 5B1594DC16A7569C00FEF299 /* AssetsLibrary.framework */; };
		6003E78977FC4AA08BE20727 /* CDVCamera.m in Sources */ = {isa = PBXBuildFile; fileRef = 57F2805A58154BE48EDA67DD /* CDVCamera.m */; };
		641386131AD9473B80098FBF /* CDVLocation.m in Sources */ = {isa = PBXBuildFile; fileRef = D17FD87437064D8CBB91B368 /* CDVLocation.m */; };
		65A41423307141DF9355A82F /* CDVFile.m in Sources */ = {isa = PBXBuildFile; fileRef = 4A8F2790E43647F1AB7EDB62 /* CDVFile.m */; };
		65D6BFAD3D1C490DAEA1F5EB /* AudioToolbox.framework in Frameworks */ = {isa = PBXBuildFile; fileRef = 5FADB15A1517445FB6B2D9F0 /* AudioToolbox.framework */; settings = {ATTRIBUTES = (Weak, ); }; };
		7BA89C2EBEFB44C587FA5B44 /* CDVFileTransfer.m in Sources */ = {isa = PBXBuildFile; fileRef = B949DE7BC4C3494F9A263887 /* CDVFileTransfer.m */; };
		7E7AE2A0BBEA4A98A25DE95A /* CDVVibration.m in Sources */ = {isa = PBXBuildFile; fileRef = 1B4D812CE4A549F4B4137A2A /* CDVVibration.m */; };
		7FB6F36F17444DCD875DDD79 /* CDVContacts.m in Sources */ = {isa = PBXBuildFile; fileRef = 5119C111093E4A928BB5973A /* CDVContacts.m */; };
		8707C3022F50436F9F337956 /* CoreLocation.framework in Frameworks */ = {isa = PBXBuildFile; fileRef = 080D170056E1431798B2C050 /* CoreLocation.framework */; };
		8DD1467D5B6C486E91863C6F /* CDVAccelerometer.m in Sources */ = {isa = PBXBuildFile; fileRef = 751940FB507742E882F23755 /* CDVAccelerometer.m */; };
		92B1E07DCBE747B5A6F20C2B /* CDVCapture.m in Sources */ = {isa = PBXBuildFile; fileRef = 3DFC25122E5A43D98AF0C62F /* CDVCapture.m */; };
		9C16661E8045499F97CC7C4D /* UIImage+CropScaleOrientation.m in Sources */ = {isa = PBXBuildFile; fileRef = BAC15347157447579730016E /* UIImage+CropScaleOrientation.m */; };
		A046C86FC2AD4C1C83F14C7B /* CDVJpegHeaderWriter.m in Sources */ = {isa = PBXBuildFile; fileRef = 87E8422F26464CFF869119BF /* CDVJpegHeaderWriter.m */; };
		AFA968B45B2F4155B132E34B /* CDVDevice.m in Sources */ = {isa = PBXBuildFile; fileRef = 3BB02C222F6649D0B9B5EFB4 /* CDVDevice.m */; };
		AFEF0FC2058245BEA1C2EE84 /* AddressBook.framework in Frameworks */ = {isa = PBXBuildFile; fileRef = B474C095C009431D8D940092 /* AddressBook.framework */; settings = {ATTRIBUTES = (Weak, ); }; };
		B9D3F5312DEC4E19A0863A95 /* CDVInAppBrowser.m in Sources */ = {isa = PBXBuildFile; fileRef = 565D2B012D3741BAA8D8AD71 /* CDVInAppBrowser.m */; };
		BC9F0FBA31924D1A863D411C /* CDVGlobalization.m in Sources */ = {isa = PBXBuildFile; fileRef = 7C1D3E87A0A9417096B9DC44 /* CDVGlobalization.m */; };
		BF07F91468A54E15A18C92E2 /* AddressBookUI.framework in Frameworks */ = {isa = PBXBuildFile; fileRef = 1294E1289A8545319469A7B7 /* AddressBookUI.framework */; settings = {ATTRIBUTES = (Weak, ); }; };
		C70888D60360460D8AF94609 /* CDVBattery.m in Sources */ = {isa = PBXBuildFile; fileRef = 6F1BC24BB5ED4BBCB34BDB16 /* CDVBattery.m */; };
		C7B9EC1747314BD6917A733C /* CDVConnection.m in Sources */ = {isa = PBXBuildFile; fileRef = D1FA5CCD8F9C48B59B1BC42E /* CDVConnection.m */; };
		D12A433C2EF549A284947115 /* CDVCapture.bundle in Resources */ = {isa = PBXBuildFile; fileRef = AC0BE8A3FEBF46AC9FF5B716 /* CDVCapture.bundle */; };
		D608AE082486580F008F6D63 /* Images.xcassets in Resources */ = {isa = PBXBuildFile; fileRef = D608AE072486580F008F6D63 /* Images.xcassets */; };
		D6565B041C3224DD004E41D4 /* CDVOAPlugin.m in Sources */ = {isa = PBXBuildFile; fileRef = D6565B031C3224DD004E41D4 /* CDVOAPlugin.m */; };
		D6571D86248652A400F4722B /* QRScanner.swift in Sources */ = {isa = PBXBuildFile; fileRef = D6571D85248652A400F4722B /* QRScanner.swift */; };
		D665F55B1D6410DD0062DDED /* AppDelegate.m in Sources */ = {isa = PBXBuildFile; fileRef = 1D3623250D0F684500981E51 /* AppDelegate.m */; };
		D665F55E1D6411A80062DDED /* JSONKit.m in Sources */ = {isa = PBXBuildFile; fileRef = D61363DE1C33871300FCC089 /* JSONKit.m */; settings = {COMPILER_FLAGS = "-fno-objc-arc"; }; };
		D665F5621D6415580062DDED /* libXG-SDK.a in Frameworks */ = {isa = PBXBuildFile; fileRef = D665F5611D6415570062DDED /* libXG-SDK.a */; };
		D6930E191D61727000E1D196 /* CDVOAFileCommon.m in Sources */ = {isa = PBXBuildFile; fileRef = D6930E161D61727000E1D196 /* CDVOAFileCommon.m */; };
		D6930E1A1D61727000E1D196 /* RLog.m in Sources */ = {isa = PBXBuildFile; fileRef = D6930E181D61727000E1D196 /* RLog.m */; };
		D6930E201D61910F00E1D196 /* libbz2.1.0.tbd in Frameworks */ = {isa = PBXBuildFile; fileRef = D6930E1F1D61910F00E1D196 /* libbz2.1.0.tbd */; };
		D6930E221D61914000E1D196 /* libsqlite3.0.tbd in Frameworks */ = {isa = PBXBuildFile; fileRef = D6930E211D61914000E1D196 /* libsqlite3.0.tbd */; };
		D6930E241D61914C00E1D196 /* libz.1.tbd in Frameworks */ = {isa = PBXBuildFile; fileRef = D6930E231D61914C00E1D196 /* libz.1.tbd */; };
		D6930E261D61918F00E1D196 /* Security.framework in Frameworks */ = {isa = PBXBuildFile; fileRef = D6930E251D61918F00E1D196 /* Security.framework */; };
		D6930E281D6191A700E1D196 /* CFNetwork.framework in Frameworks */ = {isa = PBXBuildFile; fileRef = D6930E271D6191A700E1D196 /* CFNetwork.framework */; };
		D7F2D2954ED0460C92F83987 /* AVFoundation.framework in Frameworks */ = {isa = PBXBuildFile; fileRef = 0813182DFD1E4E7897A01AD8 /* AVFoundation.framework */; };
		E48EDB9EA94E42DFBA1AB8E9 /* CDVSound.m in Sources */ = {isa = PBXBuildFile; fileRef = E2DEDCB7DE814BF495B09631 /* CDVSound.m */; };
		EC09934F965041809FA9E3E8 /* CDVViewController+SplashScreen.m in Sources */ = {isa = PBXBuildFile; fileRef = 37FFB6609F064907B40172CC /* CDVViewController+SplashScreen.m */; };
/* End PBXBuildFile section */

/* Begin PBXContainerItemProxy section */
		301BF534109A57CC0062928A /* PBXContainerItemProxy */ = {
			isa = PBXContainerItemProxy;
			containerPortal = 301BF52D109A57CC0062928A /* CordovaLib.xcodeproj */;
			proxyType = 2;
			remoteGlobalIDString = D2AAC07E0554694100DB518D;
			remoteInfo = CordovaLib;
		};
		301BF550109A68C00062928A /* PBXContainerItemProxy */ = {
			isa = PBXContainerItemProxy;
			containerPortal = 301BF52D109A57CC0062928A /* CordovaLib.xcodeproj */;
			proxyType = 1;
			remoteGlobalIDString = D2AAC07D0554694100DB518D;
			remoteInfo = CordovaLib;
		};
/* End PBXContainerItemProxy section */

/* Begin PBXFileReference section */
		039C63FC9126497F880BF534 /* CDVAssetLibraryFilesystem.m */ = {isa = PBXFileReference; fileEncoding = 4; lastKnownFileType = sourcecode.c.objc; name = CDVAssetLibraryFilesystem.m; path = "cordova-plugin-file/CDVAssetLibraryFilesystem.m"; sourceTree = "<group>"; };
		0455EF469D1C4BE8AE94EBE6 /* CDVCamera.h */ = {isa = PBXFileReference; fileEncoding = 4; lastKnownFileType = sourcecode.c.h; name = CDVCamera.h; path = "cordova-plugin-camera/CDVCamera.h"; sourceTree = "<group>"; };
		080D170056E1431798B2C050 /* CoreLocation.framework */ = {isa = PBXFileReference; fileEncoding = 4; lastKnownFileType = wrapper.framework; name = CoreLocation.framework; path = System/Library/Frameworks/CoreLocation.framework; sourceTree = SDKROOT; };
		0813182DFD1E4E7897A01AD8 /* AVFoundation.framework */ = {isa = PBXFileReference; fileEncoding = 4; lastKnownFileType = wrapper.framework; name = AVFoundation.framework; path = System/Library/Frameworks/AVFoundation.framework; sourceTree = SDKROOT; };
		09B84BEF04C64C30BD167536 /* CDVLocalFilesystem.m */ = {isa = PBXFileReference; fileEncoding = 4; lastKnownFileType = sourcecode.c.objc; name = CDVLocalFilesystem.m; path = "cordova-plugin-file/CDVLocalFilesystem.m"; sourceTree = "<group>"; };
		1294E1289A8545319469A7B7 /* AddressBookUI.framework */ = {isa = PBXFileReference; fileEncoding = 4; lastKnownFileType = wrapper.framework; name = AddressBookUI.framework; path = System/Library/Frameworks/AddressBookUI.framework; sourceTree = SDKROOT; };
		1865CA2B70794DF3B21950FB /* CDVSound.h */ = {isa = PBXFileReference; fileEncoding = 4; lastKnownFileType = sourcecode.c.h; name = CDVSound.h; path = "cordova-plugin-media/CDVSound.h"; sourceTree = "<group>"; };
		19116DEACE0F4127B2FCCF07 /* UIImage+CropScaleOrientation.h */ = {isa = PBXFileReference; fileEncoding = 4; lastKnownFileType = sourcecode.c.h; name = "UIImage+CropScaleOrientation.h"; path = "cordova-plugin-camera/UIImage+CropScaleOrientation.h"; sourceTree = "<group>"; };
		1B4D812CE4A549F4B4137A2A /* CDVVibration.m */ = {isa = PBXFileReference; fileEncoding = 4; lastKnownFileType = sourcecode.c.objc; name = CDVVibration.m; path = "cordova-plugin-vibration/CDVVibration.m"; sourceTree = "<group>"; };
		1D3623250D0F684500981E51 /* AppDelegate.m */ = {isa = PBXFileReference; fileEncoding = 4; lastKnownFileType = sourcecode.c.objc; path = AppDelegate.m; sourceTree = "<group>"; };
		1D6058910D05DD3D006BFB54 /* 璐华OA.app */ = {isa = PBXFileReference; explicitFileType = wrapper.application; includeInIndex = 0; path = "璐华OA.app"; sourceTree = BUILT_PRODUCTS_DIR; };
		288765FC0DF74451002DB57D /* CoreGraphics.framework */ = {isa = PBXFileReference; lastKnownFileType = wrapper.framework; name = CoreGraphics.framework; path = System/Library/Frameworks/CoreGraphics.framework; sourceTree = SDKROOT; };
		29B97316FDCFA39411CA2CEA /* main.m */ = {isa = PBXFileReference; fileEncoding = 4; lastKnownFileType = sourcecode.c.objc; path = main.m; sourceTree = "<group>"; };
		2FCB858833E942849B84D6C8 /* CDVSplashScreen.h */ = {isa = PBXFileReference; fileEncoding = 4; lastKnownFileType = sourcecode.c.h; name = CDVSplashScreen.h; path = "cordova-plugin-splashscreen/CDVSplashScreen.h"; sourceTree = "<group>"; };
		301BF52D109A57CC0062928A /* CordovaLib.xcodeproj */ = {isa = PBXFileReference; lastKnownFileType = "wrapper.pb-project"; name = CordovaLib.xcodeproj; path = CordovaLib/CordovaLib.xcodeproj; sourceTree = "<group>"; };
		301BF56E109A69640062928A /* www */ = {isa = PBXFileReference; lastKnownFileType = folder; path = www; sourceTree = SOURCE_ROOT; };
		302D95EE14D2391D003F00A1 /* MainViewController.h */ = {isa = PBXFileReference; fileEncoding = 4; lastKnownFileType = sourcecode.c.h; path = MainViewController.h; sourceTree = "<group>"; };
		302D95EF14D2391D003F00A1 /* MainViewController.m */ = {isa = PBXFileReference; fileEncoding = 4; lastKnownFileType = sourcecode.c.objc; path = MainViewController.m; sourceTree = "<group>"; };
		302D95F014D2391D003F00A1 /* MainViewController.xib */ = {isa = PBXFileReference; fileEncoding = 4; lastKnownFileType = file.xib; path = MainViewController.xib; sourceTree = "<group>"; };
		305D5FD0115AB8F900A74A75 /* MobileCoreServices.framework */ = {isa = PBXFileReference; lastKnownFileType = wrapper.framework; name = MobileCoreServices.framework; path = System/Library/Frameworks/MobileCoreServices.framework; sourceTree = SDKROOT; };
		32CA4F630368D1EE00C91783 /* RuvarOA-Prefix.pch */ = {isa = PBXFileReference; fileEncoding = 4; lastKnownFileType = sourcecode.c.h; path = "RuvarOA-Prefix.pch"; sourceTree = "<group>"; };
		33F77EAF2E354A50BB876978 /* CDVFile.h */ = {isa = PBXFileReference; fileEncoding = 4; lastKnownFileType = sourcecode.c.h; name = CDVFile.h; path = "cordova-plugin-file/CDVFile.h"; sourceTree = "<group>"; };
		3477FC594DBA4755925C987F /* CDVBattery.h */ = {isa = PBXFileReference; fileEncoding = 4; lastKnownFileType = sourcecode.c.h; name = CDVBattery.h; path = "cordova-plugin-battery-status/CDVBattery.h"; sourceTree = "<group>"; };
		37FFB6609F064907B40172CC /* CDVViewController+SplashScreen.m */ = {isa = PBXFileReference; fileEncoding = 4; lastKnownFileType = sourcecode.c.objc; name = "CDVViewController+SplashScreen.m"; path = "cordova-plugin-splashscreen/CDVViewController+SplashScreen.m"; sourceTree = "<group>"; };
		3BB02C222F6649D0B9B5EFB4 /* CDVDevice.m */ = {isa = PBXFileReference; fileEncoding = 4; lastKnownFileType = sourcecode.c.objc; name = CDVDevice.m; path = "cordova-plugin-device/CDVDevice.m"; sourceTree = "<group>"; };
		3DF30A6B70A242E79AC9BDF4 /* CDVContact.m */ = {isa = PBXFileReference; fileEncoding = 4; lastKnownFileType = sourcecode.c.objc; name = CDVContact.m; path = "cordova-plugin-contacts/CDVContact.m"; sourceTree = "<group>"; };
		3DFC25122E5A43D98AF0C62F /* CDVCapture.m */ = {isa = PBXFileReference; fileEncoding = 4; lastKnownFileType = sourcecode.c.objc; name = CDVCapture.m; path = "cordova-plugin-media-capture/CDVCapture.m"; sourceTree = "<group>"; };
		3F437D3E7EEA48008EB36F36 /* CDVJpegHeaderWriter.h */ = {isa = PBXFileReference; fileEncoding = 4; lastKnownFileType = sourcecode.c.h; name = CDVJpegHeaderWriter.h; path = "cordova-plugin-camera/CDVJpegHeaderWriter.h"; sourceTree = "<group>"; };
		415779F8C1034B37A6A29FF2 /* CDVVibration.h */ = {isa = PBXFileReference; fileEncoding = 4; lastKnownFileType = sourcecode.c.h; name = CDVVibration.h; path = "cordova-plugin-vibration/CDVVibration.h"; sourceTree = "<group>"; };
		41F1C2D8588C4506A15105EE /* CDVInAppBrowser.h */ = {isa = PBXFileReference; fileEncoding = 4; lastKnownFileType = sourcecode.c.h; name = CDVInAppBrowser.h; path = "cordova-plugin-inappbrowser/CDVInAppBrowser.h"; sourceTree = "<group>"; };
		4A8F2790E43647F1AB7EDB62 /* CDVFile.m */ = {isa = PBXFileReference; fileEncoding = 4; lastKnownFileType = sourcecode.c.objc; name = CDVFile.m; path = "cordova-plugin-file/CDVFile.m"; sourceTree = "<group>"; };
		5119C111093E4A928BB5973A /* CDVContacts.m */ = {isa = PBXFileReference; fileEncoding = 4; lastKnownFileType = sourcecode.c.objc; name = CDVContacts.m; path = "cordova-plugin-contacts/CDVContacts.m"; sourceTree = "<group>"; };
		565D2B012D3741BAA8D8AD71 /* CDVInAppBrowser.m */ = {isa = PBXFileReference; fileEncoding = 4; lastKnownFileType = sourcecode.c.objc; name = CDVInAppBrowser.m; path = "cordova-plugin-inappbrowser/CDVInAppBrowser.m"; sourceTree = "<group>"; };
		57F2805A58154BE48EDA67DD /* CDVCamera.m */ = {isa = PBXFileReference; fileEncoding = 4; lastKnownFileType = sourcecode.c.objc; name = CDVCamera.m; path = "cordova-plugin-camera/CDVCamera.m"; sourceTree = "<group>"; };
		5B1594DC16A7569C00FEF299 /* AssetsLibrary.framework */ = {isa = PBXFileReference; lastKnownFileType = wrapper.framework; name = AssetsLibrary.framework; path = System/Library/Frameworks/AssetsLibrary.framework; sourceTree = SDKROOT; };
		5B45CAD7659C4E8BB52DDC8F /* CoreMotion.framework */ = {isa = PBXFileReference; fileEncoding = 4; lastKnownFileType = wrapper.framework; name = CoreMotion.framework; path = System/Library/Frameworks/CoreMotion.framework; sourceTree = SDKROOT; };
		5FADB15A1517445FB6B2D9F0 /* AudioToolbox.framework */ = {isa = PBXFileReference; fileEncoding = 4; lastKnownFileType = wrapper.framework; name = AudioToolbox.framework; path = System/Library/Frameworks/AudioToolbox.framework; sourceTree = SDKROOT; };
		62E64CDC7D814A4B9D0143B4 /* CDVLogger.m */ = {isa = PBXFileReference; fileEncoding = 4; lastKnownFileType = sourcecode.c.objc; name = CDVLogger.m; path = "cordova-plugin-console/CDVLogger.m"; sourceTree = "<group>"; };
		6F1BC24BB5ED4BBCB34BDB16 /* CDVBattery.m */ = {isa = PBXFileReference; fileEncoding = 4; lastKnownFileType = sourcecode.c.objc; name = CDVBattery.m; path = "cordova-plugin-battery-status/CDVBattery.m"; sourceTree = "<group>"; };
		712B5BB54A22497EB048EBE8 /* CDVExif.h */ = {isa = PBXFileReference; fileEncoding = 4; lastKnownFileType = sourcecode.c.h; name = CDVExif.h; path = "cordova-plugin-camera/CDVExif.h"; sourceTree = "<group>"; };
		751940FB507742E882F23755 /* CDVAccelerometer.m */ = {isa = PBXFileReference; fileEncoding = 4; lastKnownFileType = sourcecode.c.objc; name = CDVAccelerometer.m; path = "cordova-plugin-device-motion/CDVAccelerometer.m"; sourceTree = "<group>"; };
		7C1D3E87A0A9417096B9DC44 /* CDVGlobalization.m */ = {isa = PBXFileReference; fileEncoding = 4; lastKnownFileType = sourcecode.c.objc; name = CDVGlobalization.m; path = "cordova-plugin-globalization/CDVGlobalization.m"; sourceTree = "<group>"; };
		7F3171908D764FEBA8981786 /* CDVConnection.h */ = {isa = PBXFileReference; fileEncoding = 4; lastKnownFileType = sourcecode.c.h; name = CDVConnection.h; path = "cordova-plugin-network-information/CDVConnection.h"; sourceTree = "<group>"; };
		816A640C226491280016EDC4 /* 璐华OA.entitlements */ = {isa = PBXFileReference; lastKnownFileType = text.plist.entitlements; name = "璐华OA.entitlements"; path = "RuvarOA/璐华OA.entitlements"; sourceTree = "<group>"; };
		822809B2AD6A48A2AC1DAD2C /* CDVViewController+SplashScreen.h */ = {isa = PBXFileReference; fileEncoding = 4; lastKnownFileType = sourcecode.c.h; name = "CDVViewController+SplashScreen.h"; path = "cordova-plugin-splashscreen/CDVViewController+SplashScreen.h"; sourceTree = "<group>"; };
		87E8422F26464CFF869119BF /* CDVJpegHeaderWriter.m */ = {isa = PBXFileReference; fileEncoding = 4; lastKnownFileType = sourcecode.c.objc; name = CDVJpegHeaderWriter.m; path = "cordova-plugin-camera/CDVJpegHeaderWriter.m"; sourceTree = "<group>"; };
		8D1107310486CEB800E47090 /* RuvarOA-Info.plist */ = {isa = PBXFileReference; fileEncoding = 4; lastKnownFileType = text.plist.xml; name = "RuvarOA-Info.plist"; path = "../RuvarOA-Info.plist"; plistStructureDefinitionIdentifier = "com.apple.xcode.plist.structure-definition.iphone.info-plist"; sourceTree = "<group>"; };
		9E841E67E7A24783A6FDA159 /* CDVGlobalization.h */ = {isa = PBXFileReference; fileEncoding = 4; lastKnownFileType = sourcecode.c.h; name = CDVGlobalization.h; path = "cordova-plugin-globalization/CDVGlobalization.h"; sourceTree = "<group>"; };
		A10DCD3EBC564AE795821253 /* ImageIO.framework */ = {isa = PBXFileReference; fileEncoding = 4; lastKnownFileType = wrapper.framework; name = ImageIO.framework; path = System/Library/Frameworks/ImageIO.framework; sourceTree = SDKROOT; };
		A1402B81BF594EC297345D30 /* CDVCompass.h */ = {isa = PBXFileReference; fileEncoding = 4; lastKnownFileType = sourcecode.c.h; name = CDVCompass.h; path = "cordova-plugin-device-orientation/CDVCompass.h"; sourceTree = "<group>"; };
		AC0BE8A3FEBF46AC9FF5B716 /* CDVCapture.bundle */ = {isa = PBXFileReference; lastKnownFileType = "wrapper.plug-in"; path = CDVCapture.bundle; sourceTree = "<group>"; };
		B474C095C009431D8D940092 /* AddressBook.framework */ = {isa = PBXFileReference; fileEncoding = 4; lastKnownFileType = wrapper.framework; name = AddressBook.framework; path = System/Library/Frameworks/AddressBook.framework; sourceTree = SDKROOT; };
		B796318A361545FD8E0EC55C /* SystemConfiguration.framework */ = {isa = PBXFileReference; fileEncoding = 4; lastKnownFileType = wrapper.framework; name = SystemConfiguration.framework; path = System/Library/Frameworks/SystemConfiguration.framework; sourceTree = SDKROOT; };
		B949DE7BC4C3494F9A263887 /* CDVFileTransfer.m */ = {isa = PBXFileReference; fileEncoding = 4; lastKnownFileType = sourcecode.c.objc; name = CDVFileTransfer.m; path = "cordova-plugin-file-transfer/CDVFileTransfer.m"; sourceTree = "<group>"; };
		BAC15347157447579730016E /* UIImage+CropScaleOrientation.m */ = {isa = PBXFileReference; fileEncoding = 4; lastKnownFileType = sourcecode.c.objc; name = "UIImage+CropScaleOrientation.m"; path = "cordova-plugin-camera/UIImage+CropScaleOrientation.m"; sourceTree = "<group>"; };
		BDE2F4116C3B402B8A17EEE7 /* CDVSplashScreen.m */ = {isa = PBXFileReference; fileEncoding = 4; lastKnownFileType = sourcecode.c.objc; name = CDVSplashScreen.m; path = "cordova-plugin-splashscreen/CDVSplashScreen.m"; sourceTree = "<group>"; };
		BE2CE712824447538D02184C /* CDVAccelerometer.h */ = {isa = PBXFileReference; fileEncoding = 4; lastKnownFileType = sourcecode.c.h; name = CDVAccelerometer.h; path = "cordova-plugin-device-motion/CDVAccelerometer.h"; sourceTree = "<group>"; };
		C007FE9CEC344285B126B5C0 /* CDVReachability.h */ = {isa = PBXFileReference; fileEncoding = 4; lastKnownFileType = sourcecode.c.h; name = CDVReachability.h; path = "cordova-plugin-network-information/CDVReachability.h"; sourceTree = "<group>"; };
		C05366AFB49C465E9FD87E67 /* CDVCapture.h */ = {isa = PBXFileReference; fileEncoding = 4; lastKnownFileType = sourcecode.c.h; name = CDVCapture.h; path = "cordova-plugin-media-capture/CDVCapture.h"; sourceTree = "<group>"; };
		C19029A7DE3F47D0895976DE /* CDVLocalFilesystem.h */ = {isa = PBXFileReference; fileEncoding = 4; lastKnownFileType = sourcecode.c.h; name = CDVLocalFilesystem.h; path = "cordova-plugin-file/CDVLocalFilesystem.h"; sourceTree = "<group>"; };
		C350EFC9BCDD4921AEB4E7BC /* CDVDevice.h */ = {isa = PBXFileReference; fileEncoding = 4; lastKnownFileType = sourcecode.c.h; name = CDVDevice.h; path = "cordova-plugin-device/CDVDevice.h"; sourceTree = "<group>"; };
		C38E0ABED1C84BA996BAEFE5 /* CDVCompass.m */ = {isa = PBXFileReference; fileEncoding = 4; lastKnownFileType = sourcecode.c.objc; name = CDVCompass.m; path = "cordova-plugin-device-orientation/CDVCompass.m"; sourceTree = "<group>"; };
		C86E66EC9F884AB7B4DF7E83 /* CDVLocation.h */ = {isa = PBXFileReference; fileEncoding = 4; lastKnownFileType = sourcecode.c.h; name = CDVLocation.h; path = "cordova-plugin-geolocation/CDVLocation.h"; sourceTree = "<group>"; };
		D17FD87437064D8CBB91B368 /* CDVLocation.m */ = {isa = PBXFileReference; fileEncoding = 4; lastKnownFileType = sourcecode.c.objc; name = CDVLocation.m; path = "cordova-plugin-geolocation/CDVLocation.m"; sourceTree = "<group>"; };
		D1FA5CCD8F9C48B59B1BC42E /* CDVConnection.m */ = {isa = PBXFileReference; fileEncoding = 4; lastKnownFileType = sourcecode.c.objc; name = CDVConnection.m; path = "cordova-plugin-network-information/CDVConnection.m"; sourceTree = "<group>"; };
		D608AE072486580F008F6D63 /* Images.xcassets */ = {isa = PBXFileReference; lastKnownFileType = folder.assetcatalog; path = Images.xcassets; sourceTree = "<group>"; };
		D61363DD1C33871300FCC089 /* JSONKit.h */ = {isa = PBXFileReference; fileEncoding = 4; lastKnownFileType = sourcecode.c.h; path = JSONKit.h; sourceTree = "<group>"; };
		D61363DE1C33871300FCC089 /* JSONKit.m */ = {isa = PBXFileReference; fileEncoding = 4; lastKnownFileType = sourcecode.c.objc; path = JSONKit.m; sourceTree = "<group>"; };
		D6565B021C3224DD004E41D4 /* CDVOAPlugin.h */ = {isa = PBXFileReference; fileEncoding = 4; lastKnownFileType = sourcecode.c.h; path = CDVOAPlugin.h; sourceTree = "<group>"; };
		D6565B031C3224DD004E41D4 /* CDVOAPlugin.m */ = {isa = PBXFileReference; fileEncoding = 4; lastKnownFileType = sourcecode.c.objc; path = CDVOAPlugin.m; sourceTree = "<group>"; };
		D6571D84248652A300F4722B /* RuvarOA-Bridging-Header.h */ = {isa = PBXFileReference; lastKnownFileType = sourcecode.c.h; path = "RuvarOA-Bridging-Header.h"; sourceTree = "<group>"; };
		D6571D85248652A400F4722B /* QRScanner.swift */ = {isa = PBXFileReference; fileEncoding = 4; lastKnownFileType = sourcecode.swift; name = QRScanner.swift; path = "cordova-plugin-qrscanner/QRScanner.swift"; sourceTree = "<group>"; };
		D665F5611D6415570062DDED /* libXG-SDK.a */ = {isa = PBXFileReference; lastKnownFileType = archive.ar; path = "libXG-SDK.a"; sourceTree = "<group>"; };
		D6930E141D61725800E1D196 /* AppDelegate.h */ = {isa = PBXFileReference; fileEncoding = 4; lastKnownFileType = sourcecode.c.h; path = AppDelegate.h; sourceTree = "<group>"; };
		D6930E151D61725800E1D196 /* CDVOAFileCommon.h */ = {isa = PBXFileReference; fileEncoding = 4; lastKnownFileType = sourcecode.c.h; path = CDVOAFileCommon.h; sourceTree = "<group>"; };
		D6930E161D61727000E1D196 /* CDVOAFileCommon.m */ = {isa = PBXFileReference; fileEncoding = 4; lastKnownFileType = sourcecode.c.objc; path = CDVOAFileCommon.m; sourceTree = "<group>"; };
		D6930E171D61727000E1D196 /* RLog.h */ = {isa = PBXFileReference; fileEncoding = 4; lastKnownFileType = sourcecode.c.h; path = RLog.h; sourceTree = "<group>"; };
		D6930E181D61727000E1D196 /* RLog.m */ = {isa = PBXFileReference; fileEncoding = 4; lastKnownFileType = sourcecode.c.objc; path = RLog.m; sourceTree = "<group>"; };
		D6930E1C1D61742F00E1D196 /* XGPush.h */ = {isa = PBXFileReference; fileEncoding = 4; lastKnownFileType = sourcecode.c.h; path = XGPush.h; sourceTree = "<group>"; };
		D6930E1D1D61742F00E1D196 /* XGSetting.h */ = {isa = PBXFileReference; fileEncoding = 4; lastKnownFileType = sourcecode.c.h; path = XGSetting.h; sourceTree = "<group>"; };
		D6930E1F1D61910F00E1D196 /* libbz2.1.0.tbd */ = {isa = PBXFileReference; lastKnownFileType = "sourcecode.text-based-dylib-definition"; name = libbz2.1.0.tbd; path = usr/lib/libbz2.1.0.tbd; sourceTree = SDKROOT; };
		D6930E211D61914000E1D196 /* libsqlite3.0.tbd */ = {isa = PBXFileReference; lastKnownFileType = "sourcecode.text-based-dylib-definition"; name = libsqlite3.0.tbd; path = usr/lib/libsqlite3.0.tbd; sourceTree = SDKROOT; };
		D6930E231D61914C00E1D196 /* libz.1.tbd */ = {isa = PBXFileReference; lastKnownFileType = "sourcecode.text-based-dylib-definition"; name = libz.1.tbd; path = usr/lib/libz.1.tbd; sourceTree = SDKROOT; };
		D6930E251D61918F00E1D196 /* Security.framework */ = {isa = PBXFileReference; lastKnownFileType = wrapper.framework; name = Security.framework; path = System/Library/Frameworks/Security.framework; sourceTree = SDKROOT; };
		D6930E271D6191A700E1D196 /* CFNetwork.framework */ = {isa = PBXFileReference; lastKnownFileType = wrapper.framework; name = CFNetwork.framework; path = System/Library/Frameworks/CFNetwork.framework; sourceTree = SDKROOT; };
		D6E9ED71DDCC481A8FB8CA2F /* CDVContacts.h */ = {isa = PBXFileReference; fileEncoding = 4; lastKnownFileType = sourcecode.c.h; name = CDVContacts.h; path = "cordova-plugin-contacts/CDVContacts.h"; sourceTree = "<group>"; };
		DDEFDB057A9144A7989416A4 /* CDVAssetLibraryFilesystem.h */ = {isa = PBXFileReference; fileEncoding = 4; lastKnownFileType = sourcecode.c.h; name = CDVAssetLibraryFilesystem.h; path = "cordova-plugin-file/CDVAssetLibraryFilesystem.h"; sourceTree = "<group>"; };
		E2DEDCB7DE814BF495B09631 /* CDVSound.m */ = {isa = PBXFileReference; fileEncoding = 4; lastKnownFileType = sourcecode.c.objc; name = CDVSound.m; path = "cordova-plugin-media/CDVSound.m"; sourceTree = "<group>"; };
		E5D93197E3874CF98A41F826 /* CDVLogger.h */ = {isa = PBXFileReference; fileEncoding = 4; lastKnownFileType = sourcecode.c.h; name = CDVLogger.h; path = "cordova-plugin-console/CDVLogger.h"; sourceTree = "<group>"; };
		E73D2F30AE314312984DD751 /* CDVFileTransfer.h */ = {isa = PBXFileReference; fileEncoding = 4; lastKnownFileType = sourcecode.c.h; name = CDVFileTransfer.h; path = "cordova-plugin-file-transfer/CDVFileTransfer.h"; sourceTree = "<group>"; };
		EB87FDF21871DA7A0020F90C /* merges */ = {isa = PBXFileReference; lastKnownFileType = folder; name = merges; path = ../../merges; sourceTree = "<group>"; };
		EB87FDF31871DA8E0020F90C /* www */ = {isa = PBXFileReference; lastKnownFileType = folder; name = www; path = ../../www; sourceTree = "<group>"; };
		EB87FDF41871DAF40020F90C /* config.xml */ = {isa = PBXFileReference; lastKnownFileType = text.xml; name = config.xml; path = ../../config.xml; sourceTree = "<group>"; };
		F20E99F849744A8E86330FF6 /* CDVContact.h */ = {isa = PBXFileReference; fileEncoding = 4; lastKnownFileType = sourcecode.c.h; name = CDVContact.h; path = "cordova-plugin-contacts/CDVContact.h"; sourceTree = "<group>"; };
		F840E1F0165FE0F500CFE078 /* config.xml */ = {isa = PBXFileReference; lastKnownFileType = text.xml; name = config.xml; path = RuvarOA/config.xml; sourceTree = "<group>"; };
		F9C9AC80DA464883B383BB0C /* CDVReachability.m */ = {isa = PBXFileReference; fileEncoding = 4; lastKnownFileType = sourcecode.c.objc; name = CDVReachability.m; path = "cordova-plugin-network-information/CDVReachability.m"; sourceTree = "<group>"; };
/* End PBXFileReference section */

/* Begin PBXFrameworksBuildPhase section */
		1D60588F0D05DD3D006BFB54 /* Frameworks */ = {
			isa = PBXFrameworksBuildPhase;
			buildActionMask = 2147483647;
			files = (
				65D6BFAD3D1C490DAEA1F5EB /* AudioToolbox.framework in Frameworks */,
				D6930E281D6191A700E1D196 /* CFNetwork.framework in Frameworks */,
				D6930E261D61918F00E1D196 /* Security.framework in Frameworks */,
				D6930E241D61914C00E1D196 /* libz.1.tbd in Frameworks */,
				D6930E221D61914000E1D196 /* libsqlite3.0.tbd in Frameworks */,
				D6930E201D61910F00E1D196 /* libbz2.1.0.tbd in Frameworks */,
				5B1594DD16A7569C00FEF299 /* AssetsLibrary.framework in Frameworks */,
				301BF552109A68D80062928A /* libCordova.a in Frameworks */,
				288765FD0DF74451002DB57D /* CoreGraphics.framework in Frameworks */,
				305D5FD1115AB8F900A74A75 /* MobileCoreServices.framework in Frameworks */,
				1552A376B94C4E0890100A18 /* SystemConfiguration.framework in Frameworks */,
				55727423458D4B63B4C8F240 /* CoreMotion.framework in Frameworks */,
				8707C3022F50436F9F337956 /* CoreLocation.framework in Frameworks */,
				4C5D34458A0B4BC8B141DFB6 /* ImageIO.framework in Frameworks */,
				D7F2D2954ED0460C92F83987 /* AVFoundation.framework in Frameworks */,
				AFEF0FC2058245BEA1C2EE84 /* AddressBook.framework in Frameworks */,
				BF07F91468A54E15A18C92E2 /* AddressBookUI.framework in Frameworks */,
				D665F5621D6415580062DDED /* libXG-SDK.a in Frameworks */,
			);
			runOnlyForDeploymentPostprocessing = 0;
		};
/* End PBXFrameworksBuildPhase section */

/* Begin PBXGroup section */
		080E96DDFE201D6D7F000001 /* Classes */ = {
			isa = PBXGroup;
			children = (
				D6930E161D61727000E1D196 /* CDVOAFileCommon.m */,
				D6930E171D61727000E1D196 /* RLog.h */,
				D6930E181D61727000E1D196 /* RLog.m */,
				D6930E141D61725800E1D196 /* AppDelegate.h */,
				D6930E151D61725800E1D196 /* CDVOAFileCommon.h */,
				D61363DD1C33871300FCC089 /* JSONKit.h */,
				D61363DE1C33871300FCC089 /* JSONKit.m */,
				D6565B021C3224DD004E41D4 /* CDVOAPlugin.h */,
				D6565B031C3224DD004E41D4 /* CDVOAPlugin.m */,
				302D95EE14D2391D003F00A1 /* MainViewController.h */,
				302D95EF14D2391D003F00A1 /* MainViewController.m */,
				302D95F014D2391D003F00A1 /* MainViewController.xib */,
				1D3623250D0F684500981E51 /* AppDelegate.m */,
			);
			name = Classes;
			path = RuvarOA/Classes;
			sourceTree = SOURCE_ROOT;
		};
		19C28FACFE9D520D11CA2CBB /* Products */ = {
			isa = PBXGroup;
			children = (
				1D6058910D05DD3D006BFB54 /* 璐华OA.app */,
			);
			name = Products;
			sourceTree = "<group>";
		};
		29B97314FDCFA39411CA2CEA /* CustomTemplate */ = {
			isa = PBXGroup;
			children = (
				816A640C226491280016EDC4 /* 璐华OA.entitlements */,
				D665F5611D6415570062DDED /* libXG-SDK.a */,
				EB87FDF41871DAF40020F90C /* config.xml */,
				EB87FDF31871DA8E0020F90C /* www */,
				EB87FDF21871DA7A0020F90C /* merges */,
				EB87FDF11871DA420020F90C /* Staging */,
				301BF52D109A57CC0062928A /* CordovaLib.xcodeproj */,
				080E96DDFE201D6D7F000001 /* Classes */,
				307C750510C5A3420062BCA9 /* Plugins */,
				29B97315FDCFA39411CA2CEA /* Other Sources */,
				29B97323FDCFA39411CA2CEA /* Frameworks */,
				29B97317FDCFA39411CA2CEA /* Resources */,
				19C28FACFE9D520D11CA2CBB /* Products */,
			);
			name = CustomTemplate;
			sourceTree = "<group>";
		};
		29B97315FDCFA39411CA2CEA /* Other Sources */ = {
			isa = PBXGroup;
			children = (
				D6930E1C1D61742F00E1D196 /* XGPush.h */,
				D6930E1D1D61742F00E1D196 /* XGSetting.h */,
				32CA4F630368D1EE00C91783 /* RuvarOA-Prefix.pch */,
				29B97316FDCFA39411CA2CEA /* main.m */,
			);
			name = "Other Sources";
			path = RuvarOA;
			sourceTree = "<group>";
		};
		29B97317FDCFA39411CA2CEA /* Resources */ = {
			isa = PBXGroup;
			children = (
				D608AE072486580F008F6D63 /* Images.xcassets */,
				8D1107310486CEB800E47090 /* RuvarOA-Info.plist */,
				AC0BE8A3FEBF46AC9FF5B716 /* CDVCapture.bundle */,
			);
			path = Resources;
			sourceTree = "<group>";
		};
		29B97323FDCFA39411CA2CEA /* Frameworks */ = {
			isa = PBXGroup;
			children = (
				D6930E271D6191A700E1D196 /* CFNetwork.framework */,
				D6930E251D61918F00E1D196 /* Security.framework */,
				D6930E231D61914C00E1D196 /* libz.1.tbd */,
				D6930E211D61914000E1D196 /* libsqlite3.0.tbd */,
				D6930E1F1D61910F00E1D196 /* libbz2.1.0.tbd */,
				5B1594DC16A7569C00FEF299 /* AssetsLibrary.framework */,
				288765FC0DF74451002DB57D /* CoreGraphics.framework */,
				305D5FD0115AB8F900A74A75 /* MobileCoreServices.framework */,
				B796318A361545FD8E0EC55C /* SystemConfiguration.framework */,
				5B45CAD7659C4E8BB52DDC8F /* CoreMotion.framework */,
				080D170056E1431798B2C050 /* CoreLocation.framework */,
				A10DCD3EBC564AE795821253 /* ImageIO.framework */,
				0813182DFD1E4E7897A01AD8 /* AVFoundation.framework */,
				5FADB15A1517445FB6B2D9F0 /* AudioToolbox.framework */,
				B474C095C009431D8D940092 /* AddressBook.framework */,
				1294E1289A8545319469A7B7 /* AddressBookUI.framework */,
			);
			name = Frameworks;
			sourceTree = "<group>";
		};
		301BF52E109A57CC0062928A /* Products */ = {
			isa = PBXGroup;
			children = (
				301BF535109A57CC0062928A /* libCordova.a */,
			);
			name = Products;
			sourceTree = "<group>";
		};
		307C750510C5A3420062BCA9 /* Plugins */ = {
			isa = PBXGroup;
			children = (
				D6571D85248652A400F4722B /* QRScanner.swift */,
				3BB02C222F6649D0B9B5EFB4 /* CDVDevice.m */,
				C350EFC9BCDD4921AEB4E7BC /* CDVDevice.h */,
				D1FA5CCD8F9C48B59B1BC42E /* CDVConnection.m */,
				F9C9AC80DA464883B383BB0C /* CDVReachability.m */,
				7F3171908D764FEBA8981786 /* CDVConnection.h */,
				C007FE9CEC344285B126B5C0 /* CDVReachability.h */,
				6F1BC24BB5ED4BBCB34BDB16 /* CDVBattery.m */,
				3477FC594DBA4755925C987F /* CDVBattery.h */,
				751940FB507742E882F23755 /* CDVAccelerometer.m */,
				BE2CE712824447538D02184C /* CDVAccelerometer.h */,
				C38E0ABED1C84BA996BAEFE5 /* CDVCompass.m */,
				A1402B81BF594EC297345D30 /* CDVCompass.h */,
				D17FD87437064D8CBB91B368 /* CDVLocation.m */,
				C86E66EC9F884AB7B4DF7E83 /* CDVLocation.h */,
				BAC15347157447579730016E /* UIImage+CropScaleOrientation.m */,
				57F2805A58154BE48EDA67DD /* CDVCamera.m */,
				87E8422F26464CFF869119BF /* CDVJpegHeaderWriter.m */,
				19116DEACE0F4127B2FCCF07 /* UIImage+CropScaleOrientation.h */,
				0455EF469D1C4BE8AE94EBE6 /* CDVCamera.h */,
				3F437D3E7EEA48008EB36F36 /* CDVJpegHeaderWriter.h */,
				712B5BB54A22497EB048EBE8 /* CDVExif.h */,
				4A8F2790E43647F1AB7EDB62 /* CDVFile.m */,
				09B84BEF04C64C30BD167536 /* CDVLocalFilesystem.m */,
				039C63FC9126497F880BF534 /* CDVAssetLibraryFilesystem.m */,
				33F77EAF2E354A50BB876978 /* CDVFile.h */,
				C19029A7DE3F47D0895976DE /* CDVLocalFilesystem.h */,
				DDEFDB057A9144A7989416A4 /* CDVAssetLibraryFilesystem.h */,
				3DFC25122E5A43D98AF0C62F /* CDVCapture.m */,
				C05366AFB49C465E9FD87E67 /* CDVCapture.h */,
				E2DEDCB7DE814BF495B09631 /* CDVSound.m */,
				1865CA2B70794DF3B21950FB /* CDVSound.h */,
				B949DE7BC4C3494F9A263887 /* CDVFileTransfer.m */,
				E73D2F30AE314312984DD751 /* CDVFileTransfer.h */,
				1B4D812CE4A549F4B4137A2A /* CDVVibration.m */,
				415779F8C1034B37A6A29FF2 /* CDVVibration.h */,
				5119C111093E4A928BB5973A /* CDVContacts.m */,
				3DF30A6B70A242E79AC9BDF4 /* CDVContact.m */,
				D6E9ED71DDCC481A8FB8CA2F /* CDVContacts.h */,
				F20E99F849744A8E86330FF6 /* CDVContact.h */,
				7C1D3E87A0A9417096B9DC44 /* CDVGlobalization.m */,
				9E841E67E7A24783A6FDA159 /* CDVGlobalization.h */,
				BDE2F4116C3B402B8A17EEE7 /* CDVSplashScreen.m */,
				37FFB6609F064907B40172CC /* CDVViewController+SplashScreen.m */,
				2FCB858833E942849B84D6C8 /* CDVSplashScreen.h */,
				822809B2AD6A48A2AC1DAD2C /* CDVViewController+SplashScreen.h */,
				565D2B012D3741BAA8D8AD71 /* CDVInAppBrowser.m */,
				41F1C2D8588C4506A15105EE /* CDVInAppBrowser.h */,
				62E64CDC7D814A4B9D0143B4 /* CDVLogger.m */,
				E5D93197E3874CF98A41F826 /* CDVLogger.h */,
				D6571D84248652A300F4722B /* RuvarOA-Bridging-Header.h */,
			);
			name = Plugins;
			path = RuvarOA/Plugins;
			sourceTree = SOURCE_ROOT;
		};
		EB87FDF11871DA420020F90C /* Staging */ = {
			isa = PBXGroup;
			children = (
				F840E1F0165FE0F500CFE078 /* config.xml */,
				301BF56E109A69640062928A /* www */,
			);
			name = Staging;
			sourceTree = "<group>";
		};
/* End PBXGroup section */

/* Begin PBXNativeTarget section */
		1D6058900D05DD3D006BFB54 /* RuvarOA */ = {
			isa = PBXNativeTarget;
			buildConfigurationList = 1D6058960D05DD3E006BFB54 /* Build configuration list for PBXNativeTarget "RuvarOA" */;
			buildPhases = (
				304B58A110DAC018002A0835 /* Copy www directory */,
				1D60588D0D05DD3D006BFB54 /* Resources */,
				1D60588E0D05DD3D006BFB54 /* Sources */,
				1D60588F0D05DD3D006BFB54 /* Frameworks */,
			);
			buildRules = (
			);
			dependencies = (
				301BF551109A68C00062928A /* PBXTargetDependency */,
			);
			name = RuvarOA;
			productName = RuvarOA;
			productReference = 1D6058910D05DD3D006BFB54 /* 璐华OA.app */;
			productType = "com.apple.product-type.application";
		};
/* End PBXNativeTarget section */

/* Begin PBXProject section */
		29B97313FDCFA39411CA2CEA /* Project object */ = {
			isa = PBXProject;
			attributes = {
				LastUpgradeCheck = 1130;
				TargetAttributes = {
					1D6058900D05DD3D006BFB54 = {
						DevelopmentTeam = V3UAZXGHNW;
						LastSwiftMigration = 1130;
						ProvisioningStyle = Automatic;
						SystemCapabilities = {
							com.apple.AccessWiFi = {
								enabled = 1;
							};
							com.apple.Maps.iOS = {
								enabled = 0;
							};
							com.apple.Push = {
								enabled = 1;
							};
						};
					};
				};
			};
			buildConfigurationList = C01FCF4E08A954540054247B /* Build configuration list for PBXProject "RuvarOA" */;
			compatibilityVersion = "Xcode 3.2";
			developmentRegion = English;
			hasScannedForEncodings = 1;
			knownRegions = (
				English,
				Japanese,
				French,
				German,
				en,
				es,
				de,
				se,
			);
			mainGroup = 29B97314FDCFA39411CA2CEA /* CustomTemplate */;
			projectDirPath = "";
			projectReferences = (
				{
					ProductGroup = 301BF52E109A57CC0062928A /* Products */;
					ProjectRef = 301BF52D109A57CC0062928A /* CordovaLib.xcodeproj */;
				},
			);
			projectRoot = "";
			targets = (
				1D6058900D05DD3D006BFB54 /* RuvarOA */,
			);
		};
/* End PBXProject section */

/* Begin PBXReferenceProxy section */
		301BF535109A57CC0062928A /* libCordova.a */ = {
			isa = PBXReferenceProxy;
			fileType = archive.ar;
			path = libCordova.a;
			remoteRef = 301BF534109A57CC0062928A /* PBXContainerItemProxy */;
			sourceTree = BUILT_PRODUCTS_DIR;
		};
/* End PBXReferenceProxy section */

/* Begin PBXResourcesBuildPhase section */
		1D60588D0D05DD3D006BFB54 /* Resources */ = {
			isa = PBXResourcesBuildPhase;
			buildActionMask = 2147483647;
			files = (
				D608AE082486580F008F6D63 /* Images.xcassets in Resources */,
				302D95F214D2391D003F00A1 /* MainViewController.xib in Resources */,
				D12A433C2EF549A284947115 /* CDVCapture.bundle in Resources */,
			);
			runOnlyForDeploymentPostprocessing = 0;
		};
/* End PBXResourcesBuildPhase section */

/* Begin PBXShellScriptBuildPhase section */
		304B58A110DAC018002A0835 /* Copy www directory */ = {
			isa = PBXShellScriptBuildPhase;
			buildActionMask = 2147483647;
			files = (
			);
			inputPaths = (
			);
			name = "Copy www directory";
			outputPaths = (
			);
			runOnlyForDeploymentPostprocessing = 0;
			shellPath = /bin/sh;
			shellScript = "NODEJS_PATH=/usr/local/bin; NVM_NODE_PATH=~/.nvm/versions/node/`nvm version 2>/dev/null`/bin; N_NODE_PATH=`find /usr/local/n/versions/node/* -maxdepth 0 -type d 2>/dev/null | tail -1`/bin; XCODE_NODE_PATH=`xcode-select --print-path`/usr/share/xcs/Node/bin; PATH=$NODEJS_PATH:$NVM_NODE_PATH:$N_NODE_PATH:$XCODE_NODE_PATH:$PATH && node cordova/lib/copy-www-build-step.js\n";
			showEnvVarsInLog = 0;
		};
/* End PBXShellScriptBuildPhase section */

/* Begin PBXSourcesBuildPhase section */
		1D60588E0D05DD3D006BFB54 /* Sources */ = {
			isa = PBXSourcesBuildPhase;
			buildActionMask = 2147483647;
			files = (
				D665F55E1D6411A80062DDED /* JSONKit.m in Sources */,
				D665F55B1D6410DD0062DDED /* AppDelegate.m in Sources */,
				1D60589B0D05DD56006BFB54 /* main.m in Sources */,
				D6930E191D61727000E1D196 /* CDVOAFileCommon.m in Sources */,
				302D95F114D2391D003F00A1 /* MainViewController.m in Sources */,
				AFA968B45B2F4155B132E34B /* CDVDevice.m in Sources */,
				C7B9EC1747314BD6917A733C /* CDVConnection.m in Sources */,
				0888EDD7BEE04931AE204C26 /* CDVReachability.m in Sources */,
				C70888D60360460D8AF94609 /* CDVBattery.m in Sources */,
				8DD1467D5B6C486E91863C6F /* CDVAccelerometer.m in Sources */,
				28E4EEACE84E4E2E8136791C /* CDVCompass.m in Sources */,
				641386131AD9473B80098FBF /* CDVLocation.m in Sources */,
				9C16661E8045499F97CC7C4D /* UIImage+CropScaleOrientation.m in Sources */,
				6003E78977FC4AA08BE20727 /* CDVCamera.m in Sources */,
				A046C86FC2AD4C1C83F14C7B /* CDVJpegHeaderWriter.m in Sources */,
				65A41423307141DF9355A82F /* CDVFile.m in Sources */,
				4FD319B1724B477A891ADEB6 /* CDVLocalFilesystem.m in Sources */,
				592B9BA50E0C4AC5BFE67B66 /* CDVAssetLibraryFilesystem.m in Sources */,
				D6565B041C3224DD004E41D4 /* CDVOAPlugin.m in Sources */,
				92B1E07DCBE747B5A6F20C2B /* CDVCapture.m in Sources */,
				E48EDB9EA94E42DFBA1AB8E9 /* CDVSound.m in Sources */,
				7BA89C2EBEFB44C587FA5B44 /* CDVFileTransfer.m in Sources */,
				7E7AE2A0BBEA4A98A25DE95A /* CDVVibration.m in Sources */,
				D6571D86248652A400F4722B /* QRScanner.swift in Sources */,
				7FB6F36F17444DCD875DDD79 /* CDVContacts.m in Sources */,
				10E7D0062DE0473A85C750ED /* CDVContact.m in Sources */,
				BC9F0FBA31924D1A863D411C /* CDVGlobalization.m in Sources */,
				58036FEABFDF4BC4BBF22898 /* CDVSplashScreen.m in Sources */,
				D6930E1A1D61727000E1D196 /* RLog.m in Sources */,
				EC09934F965041809FA9E3E8 /* CDVViewController+SplashScreen.m in Sources */,
				B9D3F5312DEC4E19A0863A95 /* CDVInAppBrowser.m in Sources */,
				26C8EF23B284492E8BC1643B /* CDVLogger.m in Sources */,
			);
			runOnlyForDeploymentPostprocessing = 0;
		};
/* End PBXSourcesBuildPhase section */

/* Begin PBXTargetDependency section */
		301BF551109A68C00062928A /* PBXTargetDependency */ = {
			isa = PBXTargetDependency;
			name = CordovaLib;
			targetProxy = 301BF550109A68C00062928A /* PBXContainerItemProxy */;
		};
/* End PBXTargetDependency section */

/* Begin XCBuildConfiguration section */
		1D6058940D05DD3E006BFB54 /* Debug */ = {
			isa = XCBuildConfiguration;
			buildSettings = {
				ALWAYS_SEARCH_USER_PATHS = NO;
				ASSETCATALOG_COMPILER_APPICON_NAME = AppIcon;
				ASSETCATALOG_COMPILER_LAUNCHIMAGE_NAME = LaunchImage;
				CLANG_ENABLE_MODULES = YES;
				CLANG_ENABLE_OBJC_ARC = YES;
				CODE_SIGN_ENTITLEMENTS = "RuvarOA/璐华OA.entitlements";
				CODE_SIGN_IDENTITY = "iPhone Developer";
				"CODE_SIGN_IDENTITY[sdk=iphoneos*]" = "iPhone Developer";
				CODE_SIGN_STYLE = Automatic;
				COPY_PHASE_STRIP = YES;
				CURRENT_PROJECT_VERSION = 2.0.1;
				DEVELOPMENT_TEAM = V3UAZXGHNW;
				ENABLE_BITCODE = NO;
				GCC_DYNAMIC_NO_PIC = NO;
				GCC_OPTIMIZATION_LEVEL = 0;
				GCC_PRECOMPILE_PREFIX_HEADER = YES;
				GCC_PREFIX_HEADER = "RuvarOA/RuvarOA-Prefix.pch";
				GCC_THUMB_SUPPORT = NO;
				GCC_VERSION = "";
				INFOPLIST_FILE = "RuvarOA/RuvarOA-Info.plist";
				IPHONEOS_DEPLOYMENT_TARGET = 8.0;
				LD_RUNPATH_SEARCH_PATHS = "$(inherited) @executable_path/Frameworks";
				LIBRARY_SEARCH_PATHS = (
					/Users/ruvar/projects/cordova/RuvarOA/platforms/ios,
					"$(PROJECT_DIR)",
				);
				MARKETING_VERSION = 2.0.1;
				ONLY_ACTIVE_ARCH = YES;
				OTHER_LDFLAGS = (
					"-weak_framework",
					CoreFoundation,
					"-weak_framework",
					UIKit,
					"-weak_framework",
					AVFoundation,
					"-weak_framework",
					CoreMedia,
					"-weak-lSystem",
					"-force_load",
					"\"$(BUILT_PRODUCTS_DIR)/libCordova.a\"",
					"-ObjC",
				);
				PRODUCT_BUNDLE_IDENTIFIER = com.ruvar.oa;
				PRODUCT_NAME = "璐华OA";
				PROVISIONING_PROFILE = "";
				PROVISIONING_PROFILE_SPECIFIER = "";
				SWIFT_OBJC_BRIDGING_HEADER = "RuvarOA/Plugins/RuvarOA-Bridging-Header.h";
				SWIFT_OPTIMIZATION_LEVEL = "-Onone";
				SWIFT_VERSION = 5.0;
				TARGETED_DEVICE_FAMILY = "1,2";
				VALIDATE_PRODUCT = YES;
				VALID_ARCHS = "armv7 armv7s arm64";
			};
			name = Debug;
		};
		1D6058950D05DD3E006BFB54 /* Release */ = {
			isa = XCBuildConfiguration;
			buildSettings = {
				ALWAYS_SEARCH_USER_PATHS = NO;
				ASSETCATALOG_COMPILER_APPICON_NAME = AppIcon;
				ASSETCATALOG_COMPILER_LAUNCHIMAGE_NAME = LaunchImage;
				CLANG_ENABLE_MODULES = YES;
				CLANG_ENABLE_OBJC_ARC = YES;
				CODE_SIGN_ENTITLEMENTS = "RuvarOA/璐华OA.entitlements";
				CODE_SIGN_IDENTITY = "iPhone Developer";
				"CODE_SIGN_IDENTITY[sdk=iphoneos*]" = "iPhone Developer";
				CODE_SIGN_STYLE = Automatic;
				COPY_PHASE_STRIP = YES;
				CURRENT_PROJECT_VERSION = 2.0.1;
				DEVELOPMENT_TEAM = V3UAZXGHNW;
				ENABLE_BITCODE = NO;
				GCC_PRECOMPILE_PREFIX_HEADER = YES;
				GCC_PREFIX_HEADER = "RuvarOA/RuvarOA-Prefix.pch";
				GCC_THUMB_SUPPORT = NO;
				GCC_VERSION = "";
				INFOPLIST_FILE = "RuvarOA/RuvarOA-Info.plist";
				IPHONEOS_DEPLOYMENT_TARGET = 8.0;
				LD_RUNPATH_SEARCH_PATHS = "$(inherited) @executable_path/Frameworks";
				LIBRARY_SEARCH_PATHS = (
					/Users/ruvar/projects/cordova/RuvarOA/platforms/ios,
					"$(PROJECT_DIR)",
				);
				MARKETING_VERSION = 2.0.1;
				ONLY_ACTIVE_ARCH = YES;
				OTHER_LDFLAGS = (
					"-weak_framework",
					CoreFoundation,
					"-weak_framework",
					UIKit,
					"-weak_framework",
					AVFoundation,
					"-weak_framework",
					CoreMedia,
					"-weak-lSystem",
					"-force_load",
					"\"$(BUILT_PRODUCTS_DIR)/libCordova.a\"",
					"-ObjC",
				);
				PRODUCT_BUNDLE_IDENTIFIER = com.ruvar.oa;
				PRODUCT_NAME = "璐华OA";
				PROVISIONING_PROFILE = "";
				PROVISIONING_PROFILE_SPECIFIER = "";
				SWIFT_OBJC_BRIDGING_HEADER = "RuvarOA/Plugins/RuvarOA-Bridging-Header.h";
				SWIFT_VERSION = 5.0;
				TARGETED_DEVICE_FAMILY = "1,2";
				VALIDATE_PRODUCT = YES;
				VALID_ARCHS = "armv7 armv7s arm64";
			};
			name = Release;
		};
		C01FCF4F08A954540054247B /* Debug */ = {
			isa = XCBuildConfiguration;
			buildSettings = {
				CLANG_ANALYZER_LOCALIZABILITY_NONLOCALIZED = YES;
				CLANG_ENABLE_OBJC_ARC = YES;
				CLANG_WARN_BLOCK_CAPTURE_AUTORELEASING = YES;
				CLANG_WARN_BOOL_CONVERSION = YES;
				CLANG_WARN_COMMA = YES;
				CLANG_WARN_CONSTANT_CONVERSION = YES;
				CLANG_WARN_DEPRECATED_OBJC_IMPLEMENTATIONS = YES;
				CLANG_WARN_EMPTY_BODY = YES;
				CLANG_WARN_ENUM_CONVERSION = YES;
				CLANG_WARN_INFINITE_RECURSION = YES;
				CLANG_WARN_INT_CONVERSION = YES;
				CLANG_WARN_NON_LITERAL_NULL_CONVERSION = YES;
				CLANG_WARN_OBJC_IMPLICIT_RETAIN_SELF = YES;
				CLANG_WARN_OBJC_LITERAL_CONVERSION = YES;
				CLANG_WARN_RANGE_LOOP_ANALYSIS = YES;
				CLANG_WARN_STRICT_PROTOTYPES = YES;
				CLANG_WARN_SUSPICIOUS_MOVE = YES;
				CLANG_WARN_UNREACHABLE_CODE = YES;
				CLANG_WARN__DUPLICATE_METHOD_MATCH = YES;
				CODE_SIGN_IDENTITY = "iPhone Developer: jianhua deng (9J3YLNFPYY)";
				"CODE_SIGN_IDENTITY[sdk=iphoneos*]" = "iPhone Developer: jianhua deng (9J3YLNFPYY)";
				ENABLE_BITCODE = NO;
				ENABLE_STRICT_OBJC_MSGSEND = YES;
				ENABLE_TESTABILITY = YES;
				GCC_C_LANGUAGE_STANDARD = c99;
				GCC_NO_COMMON_BLOCKS = NO;
				GCC_THUMB_SUPPORT = NO;
				GCC_VERSION = "";
				GCC_WARN_64_TO_32_BIT_CONVERSION = YES;
				GCC_WARN_ABOUT_RETURN_TYPE = YES;
				GCC_WARN_UNDECLARED_SELECTOR = YES;
				GCC_WARN_UNINITIALIZED_AUTOS = YES;
				GCC_WARN_UNUSED_FUNCTION = YES;
				GCC_WARN_UNUSED_VARIABLE = YES;
				HEADER_SEARCH_PATHS = (
					"\"$(TARGET_BUILD_DIR)/usr/local/lib/include\"",
					"\"$(OBJROOT)/UninstalledProducts/include\"",
					"\"$(BUILT_PRODUCTS_DIR)\"",
				);
				IPHONEOS_DEPLOYMENT_TARGET = 8.0;
				ONLY_ACTIVE_ARCH = YES;
				OTHER_LDFLAGS = "-ObjC";
				PROVISIONING_PROFILE = "0db76d01-447f-4db9-87c0-5daec7996ddf";
				SDKROOT = iphoneos;
				SKIP_INSTALL = NO;
				SUPPORTED_PLATFORMS = "iphonesimulator iphoneos";
				USER_HEADER_SEARCH_PATHS = "";
				VALID_ARCHS = "armv7 armv7s arm64";
			};
			name = Debug;
		};
		C01FCF5008A954540054247B /* Release */ = {
			isa = XCBuildConfiguration;
			buildSettings = {
				CLANG_ANALYZER_LOCALIZABILITY_NONLOCALIZED = YES;
				CLANG_ENABLE_OBJC_ARC = YES;
				CLANG_WARN_BLOCK_CAPTURE_AUTORELEASING = YES;
				CLANG_WARN_BOOL_CONVERSION = YES;
				CLANG_WARN_COMMA = YES;
				CLANG_WARN_CONSTANT_CONVERSION = YES;
				CLANG_WARN_DEPRECATED_OBJC_IMPLEMENTATIONS = YES;
				CLANG_WARN_EMPTY_BODY = YES;
				CLANG_WARN_ENUM_CONVERSION = YES;
				CLANG_WARN_INFINITE_RECURSION = YES;
				CLANG_WARN_INT_CONVERSION = YES;
				CLANG_WARN_NON_LITERAL_NULL_CONVERSION = YES;
				CLANG_WARN_OBJC_IMPLICIT_RETAIN_SELF = YES;
				CLANG_WARN_OBJC_LITERAL_CONVERSION = YES;
				CLANG_WARN_RANGE_LOOP_ANALYSIS = YES;
				CLANG_WARN_STRICT_PROTOTYPES = YES;
				CLANG_WARN_SUSPICIOUS_MOVE = YES;
				CLANG_WARN_UNREACHABLE_CODE = YES;
				CLANG_WARN__DUPLICATE_METHOD_MATCH = YES;
				CODE_SIGN_IDENTITY = "iPhone Developer: jianhua deng (9J3YLNFPYY)";
				"CODE_SIGN_IDENTITY[sdk=iphoneos*]" = "iPhone Developer: jianhua deng (9J3YLNFPYY)";
				ENABLE_BITCODE = NO;
				ENABLE_STRICT_OBJC_MSGSEND = YES;
				GCC_C_LANGUAGE_STANDARD = c99;
				GCC_NO_COMMON_BLOCKS = NO;
				GCC_THUMB_SUPPORT = NO;
				GCC_VERSION = "";
				GCC_WARN_64_TO_32_BIT_CONVERSION = YES;
				GCC_WARN_ABOUT_RETURN_TYPE = YES;
				GCC_WARN_UNDECLARED_SELECTOR = YES;
				GCC_WARN_UNINITIALIZED_AUTOS = YES;
				GCC_WARN_UNUSED_FUNCTION = YES;
				GCC_WARN_UNUSED_VARIABLE = YES;
				HEADER_SEARCH_PATHS = (
					"\"$(TARGET_BUILD_DIR)/usr/local/lib/include\"",
					"\"$(OBJROOT)/UninstalledProducts/include\"",
					"\"$(BUILT_PRODUCTS_DIR)\"",
					"\"$(OBJROOT)/UninstalledProducts/$(PLATFORM_NAME)/include\"",
				);
				IPHONEOS_DEPLOYMENT_TARGET = 8.0;
				ONLY_ACTIVE_ARCH = YES;
				OTHER_LDFLAGS = "-ObjC";
				PROVISIONING_PROFILE = "0db76d01-447f-4db9-87c0-5daec7996ddf";
				SDKROOT = iphoneos;
				SKIP_INSTALL = NO;
				SUPPORTED_PLATFORMS = "iphonesimulator iphoneos";
				USER_HEADER_SEARCH_PATHS = "";
				"USER_HEADER_SEARCH_PATHS[arch=*]" = "";
				VALID_ARCHS = "armv7 armv7s arm64";
			};
			name = Release;
		};
/* End XCBuildConfiguration section */

/* Begin XCConfigurationList section */
		1D6058960D05DD3E006BFB54 /* Build configuration list for PBXNativeTarget "RuvarOA" */ = {
			isa = XCConfigurationList;
			buildConfigurations = (
				1D6058940D05DD3E006BFB54 /* Debug */,
				1D6058950D05DD3E006BFB54 /* Release */,
			);
			defaultConfigurationIsVisible = 0;
			defaultConfigurationName = Release;
		};
		C01FCF4E08A954540054247B /* Build configuration list for PBXProject "RuvarOA" */ = {
			isa = XCConfigurationList;
			buildConfigurations = (
				C01FCF4F08A954540054247B /* Debug */,
				C01FCF5008A954540054247B /* Release */,
			);
			defaultConfigurationIsVisible = 0;
			defaultConfigurationName = Release;
		};
/* End XCConfigurationList section */
	};
	rootObject = 29B97313FDCFA39411CA2CEA /* Project object */;
}
